
Microsoft Visual Studio Solution File, Format Version 12.00
# Visual Studio Version 17
VisualStudioVersion = 17.0.32112.339
MinimumVisualStudioVersion = 10.0.40219.1
Project("{9A19103F-16F7-4668-BE54-9A1E7A4F7556}") = "WarehouseManagementSystem", "WarehouseManagementSystem\WarehouseManagementSystem.csproj", "{D6A4A2D5-A6BF-4B33-AA11-B6E50F564372}"
EndProject
Project("{9A19103F-16F7-4668-BE54-9A1E7A4F7556}") = "WarehouseManagementSystem.Business", "WarehouseManagementSystem.Business\WarehouseManagementSystem.Business.csproj", "{65200AB7-9DC4-48BF-8109-6CE918419285}"
EndProject
Project("{9A19103F-16F7-4668-BE54-9A1E7A4F7556}") = "WarehouseManagementSystem.Domain", "WarehouseManagementSystem.Domain\WarehouseManagementSystem.Domain.csproj", "{875B6985-A7F5-47B1-969D-7E6F03A034F9}"
EndProject
Project("{9A19103F-16F7-4668-BE54-9A1E7A4F7556}") = "WarehouseManagementSystem.Web", "WarehouseManagementSystem.Web\WarehouseManagementSystem.Web.csproj", "{679AF7BD-BE4C-4077-8018-F3AF7641A990}"
EndProject
Project("{9A19103F-16F7-4668-BE54-9A1E7A4F7556}") = "WarehouseManagmentSystem.Infrastructure", "WarehouseManagmentSystem.Infrastructure\WarehouseManagmentSystem.Infrastructure.csproj", "{C14D2A53-926C-4158-B30C-E0D846C5AF79}"
EndProject
Project("{FAE04EC0-301F-11D3-BF4B-00C04F79EFBC}") = "WarehouseManagmentSystem.Web.Tests", "WarehouseManagmentSystem.Web.Tests\WarehouseManagmentSystem.Web.Tests.csproj", "{D31B9E40-6ECA-4B5D-80AC-509380343940}"
EndProject
Global
	GlobalSection(SolutionConfigurationPlatforms) = preSolution
		Debug|Any CPU = Debug|Any CPU
		Release|Any CPU = Release|Any CPU
	EndGlobalSection
	GlobalSection(ProjectConfigurationPlatforms) = postSolution
		{D6A4A2D5-A6BF-4B33-AA11-B6E50F564372}.Debug|Any CPU.ActiveCfg = Debug|Any CPU
		{D6A4A2D5-A6BF-4B33-AA11-B6E50F564372}.Debug|Any CPU.Build.0 = Debug|Any CPU
		{D6A4A2D5-A6BF-4B33-AA11-B6E50F564372}.Release|Any CPU.ActiveCfg = Release|Any CPU
		{D6A4A2D5-A6BF-4B33-AA11-B6E50F564372}.Release|Any CPU.Build.0 = Release|Any CPU
		{65200AB7-9DC4-48BF-8109-6CE918419285}.Debug|Any CPU.ActiveCfg = Debug|Any CPU
		{65200AB7-9DC4-48BF-8109-6CE918419285}.Debug|Any CPU.Build.0 = Debug|Any CPU
		{65200AB7-9DC4-48BF-8109-6CE918419285}.Release|Any CPU.ActiveCfg = Release|Any CPU
		{65200AB7-9DC4-48BF-8109-6CE918419285}.Release|Any CPU.Build.0 = Release|Any CPU
		{875B6985-A7F5-47B1-969D-7E6F03A034F9}.Debug|Any CPU.ActiveCfg = Debug|Any CPU
		{875B6985-A7F5-47B1-969D-7E6F03A034F9}.Debug|Any CPU.Build.0 = Debug|Any CPU
		{875B6985-A7F5-47B1-969D-7E6F03A034F9}.Release|Any CPU.ActiveCfg = Release|Any CPU
		{875B6985-A7F5-47B1-969D-7E6F03A034F9}.Release|Any CPU.Build.0 = Release|Any CPU
		{679AF7BD-BE4C-4077-8018-F3AF7641A990}.Debug|Any CPU.ActiveCfg = Debug|Any CPU
		{679AF7BD-BE4C-4077-8018-F3AF7641A990}.Debug|Any CPU.Build.0 = Debug|Any CPU
		{679AF7BD-BE4C-4077-8018-F3AF7641A990}.Release|Any CPU.ActiveCfg = Release|Any CPU
		{679AF7BD-BE4C-4077-8018-F3AF7641A990}.Release|Any CPU.Build.0 = Release|Any CPU
		{C14D2A53-926C-4158-B30C-E0D846C5AF79}.Debug|Any CPU.ActiveCfg = Debug|Any CPU
		{C14D2A53-926C-4158-B30C-E0D846C5AF79}.Debug|Any CPU.Build.0 = Debug|Any CPU
		{C14D2A53-926C-4158-B30C-E0D846C5AF79}.Release|Any CPU.ActiveCfg = Release|Any CPU
		{C14D2A53-926C-4158-B30C-E0D846C5AF79}.Release|Any CPU.Build.0 = Release|Any CPU
		{D31B9E40-6ECA-4B5D-80AC-509380343940}.Debug|Any CPU.ActiveCfg = Debug|Any CPU
		{D31B9E40-6ECA-4B5D-80AC-509380343940}.Debug|Any CPU.Build.0 = Debug|Any CPU
		{D31B9E40-6ECA-4B5D-80AC-509380343940}.Release|Any CPU.ActiveCfg = Release|Any CPU
		{D31B9E40-6ECA-4B5D-80AC-509380343940}.Release|Any CPU.Build.0 = Release|Any CPU
	EndGlobalSection
	GlobalSection(SolutionProperties) = preSolution
		HideSolutionNode = FALSE
	EndGlobalSection
	GlobalSection(ExtensibilityGlobals) = postSolution
		SolutionGuid = {C11E8FA2-2F5D-48E9-B6A4-208D862ADB0A}
	EndGlobalSection
EndGlobal
