
Microsoft Visual Studio Solution File, Format Version 12.00
# Visual Studio Version 17
VisualStudioVersion = 17.1.32421.90
MinimumVisualStudioVersion = 10.0.40219.1
Project("{9A19103F-16F7-4668-BE54-9A1E7A4F7556}") = "ConsoleCalculator", "ConsoleCalculator\ConsoleCalculator.csproj", "{36B9B7CD-4EAE-4B62-80CF-A5B2D990FBC6}"
EndProject
Project("{9A19103F-16F7-4668-BE54-9A1E7A4F7556}") = "Globomantics.Math", "Globomantics.Math\Globomantics.Math.csproj", "{AC2E8B88-55A1-4FB8-B6F1-2193BF3EAC0B}"
EndProject
Project("{9A19103F-16F7-4668-BE54-9A1E7A4F7556}") = "Globomantics.Math.Tests", "Globomantics.Math.Tests\Globomantics.Math.Tests.csproj", "{ED0D47FB-67C2-4DE4-919F-7A2DFB5A57D6}"
EndProject
Project("{9A19103F-16F7-4668-BE54-9A1E7A4F7556}") = "WpfCalculator", "WpfCalculator\WpfCalculator.csproj", "{0FCD4F32-1C7D-4DF2-AD90-3773BC7F0889}"
EndProject
Project("{FAE04EC0-301F-11D3-BF4B-00C04F79EFBC}") = "ConsoleCalculatorNet472", "ConsoleApp1\ConsoleCalculatorNet472.csproj", "{FD28916F-956F-479F-894B-A9437A73B095}"
EndProject
Global
	GlobalSection(SolutionConfigurationPlatforms) = preSolution
		Debug|Any CPU = Debug|Any CPU
		Release|Any CPU = Release|Any CPU
	EndGlobalSection
	GlobalSection(ProjectConfigurationPlatforms) = postSolution
		{36B9B7CD-4EAE-4B62-80CF-A5B2D990FBC6}.Debug|Any CPU.ActiveCfg = Debug|Any CPU
		{36B9B7CD-4EAE-4B62-80CF-A5B2D990FBC6}.Debug|Any CPU.Build.0 = Debug|Any CPU
		{36B9B7CD-4EAE-4B62-80CF-A5B2D990FBC6}.Release|Any CPU.ActiveCfg = Release|Any CPU
		{36B9B7CD-4EAE-4B62-80CF-A5B2D990FBC6}.Release|Any CPU.Build.0 = Release|Any CPU
		{AC2E8B88-55A1-4FB8-B6F1-2193BF3EAC0B}.Debug|Any CPU.ActiveCfg = Debug|Any CPU
		{AC2E8B88-55A1-4FB8-B6F1-2193BF3EAC0B}.Debug|Any CPU.Build.0 = Debug|Any CPU
		{AC2E8B88-55A1-4FB8-B6F1-2193BF3EAC0B}.Release|Any CPU.ActiveCfg = Release|Any CPU
		{AC2E8B88-55A1-4FB8-B6F1-2193BF3EAC0B}.Release|Any CPU.Build.0 = Release|Any CPU
		{ED0D47FB-67C2-4DE4-919F-7A2DFB5A57D6}.Debug|Any CPU.ActiveCfg = Debug|Any CPU
		{ED0D47FB-67C2-4DE4-919F-7A2DFB5A57D6}.Debug|Any CPU.Build.0 = Debug|Any CPU
		{ED0D47FB-67C2-4DE4-919F-7A2DFB5A57D6}.Release|Any CPU.ActiveCfg = Release|Any CPU
		{ED0D47FB-67C2-4DE4-919F-7A2DFB5A57D6}.Release|Any CPU.Build.0 = Release|Any CPU
		{0FCD4F32-1C7D-4DF2-AD90-3773BC7F0889}.Debug|Any CPU.ActiveCfg = Debug|Any CPU
		{0FCD4F32-1C7D-4DF2-AD90-3773BC7F0889}.Debug|Any CPU.Build.0 = Debug|Any CPU
		{0FCD4F32-1C7D-4DF2-AD90-3773BC7F0889}.Release|Any CPU.ActiveCfg = Release|Any CPU
		{0FCD4F32-1C7D-4DF2-AD90-3773BC7F0889}.Release|Any CPU.Build.0 = Release|Any CPU
		{FD28916F-956F-479F-894B-A9437A73B095}.Debug|Any CPU.ActiveCfg = Debug|Any CPU
		{FD28916F-956F-479F-894B-A9437A73B095}.Debug|Any CPU.Build.0 = Debug|Any CPU
		{FD28916F-956F-479F-894B-A9437A73B095}.Release|Any CPU.ActiveCfg = Release|Any CPU
		{FD28916F-956F-479F-894B-A9437A73B095}.Release|Any CPU.Build.0 = Release|Any CPU
	EndGlobalSection
	GlobalSection(SolutionProperties) = preSolution
		HideSolutionNode = FALSE
	EndGlobalSection
	GlobalSection(ExtensibilityGlobals) = postSolution
		SolutionGuid = {DD7024ED-8FE7-4E3C-8328-6D35FC4BFE44}
	EndGlobalSection
EndGlobal
